
Microsoft Visual Studio Solution File, Format Version 12.00
# Visual Studio Version 17
VisualStudioVersion = 17.12.35707.178 d17.12
MinimumVisualStudioVersion = 10.0.40219.1
Project("{FAE04EC0-301F-11D3-BF4B-00C04F79EFBC}") = "Hrm.Api", "Hrm\Hrm.Api.csproj", "{7622D091-8442-4630-8595-DF7C6F20B831}"
EndProject
Project("{FAE04EC0-301F-11D3-BF4B-00C04F79EFBC}") = "Hrm.Application", "Hrm.Application\Hrm.Application.csproj", "{6E2306F7-BD1E-4340-A1C4-29B5E31F9B22}"
EndProject
Project("{FAE04EC0-301F-11D3-BF4B-00C04F79EFBC}") = "Hrm.Domain", "Hrm.Domain\Hrm.Domain.csproj", "{5120BE6C-2231-4E46-80CE-9AA3D4F78A03}"
EndProject
Project("{FAE04EC0-301F-11D3-BF4B-00C04F79EFBC}") = "Hrm.Infrastracture", "Hrm.Infrastracture\Hrm.Infrastracture.csproj", "{DB8ED256-853F-444A-8485-F834E4055108}"
EndProject
Global
	GlobalSection(SolutionConfigurationPlatforms) = preSolution
		Debug|Any CPU = Debug|Any CPU
		Release|Any CPU = Release|Any CPU
	EndGlobalSection
	GlobalSection(ProjectConfigurationPlatforms) = postSolution
		{7622D091-8442-4630-8595-DF7C6F20B831}.Debug|Any CPU.ActiveCfg = Debug|Any CPU
		{7622D091-8442-4630-8595-DF7C6F20B831}.Debug|Any CPU.Build.0 = Debug|Any CPU
		{7622D091-8442-4630-8595-DF7C6F20B831}.Release|Any CPU.ActiveCfg = Release|Any CPU
		{7622D091-8442-4630-8595-DF7C6F20B831}.Release|Any CPU.Build.0 = Release|Any CPU
		{6E2306F7-BD1E-4340-A1C4-29B5E31F9B22}.Debug|Any CPU.ActiveCfg = Debug|Any CPU
		{6E2306F7-BD1E-4340-A1C4-29B5E31F9B22}.Debug|Any CPU.Build.0 = Debug|Any CPU
		{6E2306F7-BD1E-4340-A1C4-29B5E31F9B22}.Release|Any CPU.ActiveCfg = Release|Any CPU
		{6E2306F7-BD1E-4340-A1C4-29B5E31F9B22}.Release|Any CPU.Build.0 = Release|Any CPU
		{5120BE6C-2231-4E46-80CE-9AA3D4F78A03}.Debug|Any CPU.ActiveCfg = Debug|Any CPU
		{5120BE6C-2231-4E46-80CE-9AA3D4F78A03}.Debug|Any CPU.Build.0 = Debug|Any CPU
		{5120BE6C-2231-4E46-80CE-9AA3D4F78A03}.Release|Any CPU.ActiveCfg = Release|Any CPU
		{5120BE6C-2231-4E46-80CE-9AA3D4F78A03}.Release|Any CPU.Build.0 = Release|Any CPU
		{DB8ED256-853F-444A-8485-F834E4055108}.Debug|Any CPU.ActiveCfg = Debug|Any CPU
		{DB8ED256-853F-444A-8485-F834E4055108}.Debug|Any CPU.Build.0 = Debug|Any CPU
		{DB8ED256-853F-444A-8485-F834E4055108}.Release|Any CPU.ActiveCfg = Release|Any CPU
		{DB8ED256-853F-444A-8485-F834E4055108}.Release|Any CPU.Build.0 = Release|Any CPU
	EndGlobalSection
	GlobalSection(SolutionProperties) = preSolution
		HideSolutionNode = FALSE
	EndGlobalSection
EndGlobal
